
Microsoft Visual Studio Solution File, Format Version 12.00
# Visual Studio Version 17
VisualStudioVersion = 17.11.35327.3
MinimumVisualStudioVersion = 10.0.40219.1
Project("{FAE04EC0-301F-11D3-BF4B-00C04F79EFBC}") = "MauiAppHotel", "MauiAppHotel\MauiAppHotel.csproj", "{3F83ACA4-082B-4E76-A21E-41DD11F63A0C}"
EndProject
Global
	GlobalSection(SolutionConfigurationPlatforms) = preSolution
		Debug|Any CPU = Debug|Any CPU
		Release|Any CPU = Release|Any CPU
	EndGlobalSection
	GlobalSection(ProjectConfigurationPlatforms) = postSolution
		{3F83ACA4-082B-4E76-A21E-41DD11F63A0C}.Debug|Any CPU.ActiveCfg = Debug|Any CPU
		{3F83ACA4-082B-4E76-A21E-41DD11F63A0C}.Debug|Any CPU.Build.0 = Debug|Any CPU
		{3F83ACA4-082B-4E76-A21E-41DD11F63A0C}.Debug|Any CPU.Deploy.0 = Debug|Any CPU
		{3F83ACA4-082B-4E76-A21E-41DD11F63A0C}.Release|Any CPU.ActiveCfg = Release|Any CPU
		{3F83ACA4-082B-4E76-A21E-41DD11F63A0C}.Release|Any CPU.Build.0 = Release|Any CPU
		{3F83ACA4-082B-4E76-A21E-41DD11F63A0C}.Release|Any CPU.Deploy.0 = Release|Any CPU
	EndGlobalSection
	GlobalSection(SolutionProperties) = preSolution
		HideSolutionNode = FALSE
	EndGlobalSection
	GlobalSection(ExtensibilityGlobals) = postSolution
		SolutionGuid = {31AC6892-A236-4A66-B8DB-DE1A6CD41E1D}
	EndGlobalSection
EndGlobal
